
Microsoft Visual Studio Solution File, Format Version 12.00
# Visual Studio 15
VisualStudioVersion = 15.0.28307.572
MinimumVisualStudioVersion = 10.0.40219.1
Project("{9A19103F-16F7-4668-BE54-9A1E7A4F7556}") = "Microsoft.Azure.Synapse", "Microsoft.Azure.Synapse.csproj", "{6CCCB9C8-B61C-4CB9-8F89-729535E9F854}"
EndProject
Global
	GlobalSection(SolutionConfigurationPlatforms) = preSolution
		Debug|Any CPU = Debug|Any CPU
		Release|Any CPU = Release|Any CPU
	EndGlobalSection
	GlobalSection(ProjectConfigurationPlatforms) = postSolution
		{6CCCB9C8-B61C-4CB9-8F89-729535E9F854}.Debug|Any CPU.ActiveCfg = Debug|Any CPU
		{6CCCB9C8-B61C-4CB9-8F89-729535E9F854}.Debug|Any CPU.Build.0 = Debug|Any CPU
		{6CCCB9C8-B61C-4CB9-8F89-729535E9F854}.Release|Any CPU.ActiveCfg = Release|Any CPU
		{6CCCB9C8-B61C-4CB9-8F89-729535E9F854}.Release|Any CPU.Build.0 = Release|Any CPU
	EndGlobalSection
	GlobalSection(SolutionProperties) = preSolution
		HideSolutionNode = FALSE
	EndGlobalSection
	GlobalSection(ExtensibilityGlobals) = postSolution
		SolutionGuid = {255A5261-3EFC-4C76-986E-45EDAEEBAE53}
	EndGlobalSection
EndGlobal
